// !$*UTF8*$!
{
	archiveVersion = 1;
	classes = {
	};
	objectVersion = 56;
	objects = {

/* Begin PBXBuildFile section */
		556A0AF128E8D6D900DE906B /* AppDelegate.swift in Sources */ = {isa = PBXBuildFile; fileRef = 556A0AF028E8D6D900DE906B /* AppDelegate.swift */; };
		556A0AF528E8D6DA00DE906B /* Assets.xcassets in Resources */ = {isa = PBXBuildFile; fileRef = 556A0AF428E8D6DA00DE906B /* Assets.xcassets */; };
		556A0B0028E8D80400DE906B /* main.swift in Sources */ = {isa = PBXBuildFile; fileRef = 556A0AFF28E8D80400DE906B /* main.swift */; };
		556A0B0328E9C61800DE906B /* TransparentLanguage.swift in Sources */ = {isa = PBXBuildFile; fileRef = 556A0B0228E9C61800DE906B /* TransparentLanguage.swift */; };
		556A0B0528E9CE9C00DE906B /* InnovativeLanguageLearning.swift in Sources */ = {isa = PBXBuildFile; fileRef = 556A0B0428E9CE9C00DE906B /* InnovativeLanguageLearning.swift */; };
		556A0B0A28E9D63900DE906B /* SwiftSoup in Frameworks */ = {isa = PBXBuildFile; productRef = 556A0B0928E9D63900DE906B /* SwiftSoup */; };
		55D3AB2128EA322B00A8FE4A /* LaunchAtLogin in Frameworks */ = {isa = PBXBuildFile; productRef = 55D3AB2028EA322B00A8FE4A /* LaunchAtLogin */; };
		55D3AB2428EB55AA00A8FE4A /* GermanEveryday.swift in Sources */ = {isa = PBXBuildFile; fileRef = 55D3AB2328EB55AA00A8FE4A /* GermanEveryday.swift */; };
/* End PBXBuildFile section */

/* Begin PBXFileReference section */
		556A0AED28E8D6D900DE906B /* German Word of the Day.app */ = {isa = PBXFileReference; explicitFileType = wrapper.application; includeInIndex = 0; path = "German Word of the Day.app"; sourceTree = BUILT_PRODUCTS_DIR; };
		556A0AF028E8D6D900DE906B /* AppDelegate.swift */ = {isa = PBXFileReference; lastKnownFileType = sourcecode.swift; path = AppDelegate.swift; sourceTree = "<group>"; };
		556A0AF428E8D6DA00DE906B /* Assets.xcassets */ = {isa = PBXFileReference; lastKnownFileType = folder.assetcatalog; path = Assets.xcassets; sourceTree = "<group>"; };
		556A0AF928E8D6DA00DE906B /* German_Word_of_the_Day.entitlements */ = {isa = PBXFileReference; lastKnownFileType = text.plist.entitlements; path = German_Word_of_the_Day.entitlements; sourceTree = "<group>"; };
		556A0AFF28E8D80400DE906B /* main.swift */ = {isa = PBXFileReference; lastKnownFileType = sourcecode.swift; path = main.swift; sourceTree = "<group>"; };
		556A0B0228E9C61800DE906B /* TransparentLanguage.swift */ = {isa = PBXFileReference; lastKnownFileType = sourcecode.swift; path = TransparentLanguage.swift; sourceTree = "<group>"; };
		556A0B0428E9CE9C00DE906B /* InnovativeLanguageLearning.swift */ = {isa = PBXFileReference; fileEncoding = 4; lastKnownFileType = sourcecode.swift; path = InnovativeLanguageLearning.swift; sourceTree = "<group>"; };
		55D3AB2328EB55AA00A8FE4A /* GermanEveryday.swift */ = {isa = PBXFileReference; fileEncoding = 4; lastKnownFileType = sourcecode.swift; path = GermanEveryday.swift; sourceTree = "<group>"; };
/* End PBXFileReference section */

/* Begin PBXFrameworksBuildPhase section */
		556A0AEA28E8D6D900DE906B /* Frameworks */ = {
			isa = PBXFrameworksBuildPhase;
			buildActionMask = 2147483647;
			files = (
				55D3AB2128EA322B00A8FE4A /* LaunchAtLogin in Frameworks */,
				556A0B0A28E9D63900DE906B /* SwiftSoup in Frameworks */,
			);
			runOnlyForDeploymentPostprocessing = 0;
		};
/* End PBXFrameworksBuildPhase section */

/* Begin PBXGroup section */
		556A0AE428E8D6D900DE906B = {
			isa = PBXGroup;
			children = (
				556A0AEF28E8D6D900DE906B /* German Word of the Day */,
				556A0AEE28E8D6D900DE906B /* Products */,
			);
			sourceTree = "<group>";
		};
		556A0AEE28E8D6D900DE906B /* Products */ = {
			isa = PBXGroup;
			children = (
				556A0AED28E8D6D900DE906B /* German Word of the Day.app */,
			);
			name = Products;
			sourceTree = "<group>";
		};
		556A0AEF28E8D6D900DE906B /* German Word of the Day */ = {
			isa = PBXGroup;
			children = (
				556A0B0128E9C60000DE906B /* Sources */,
				556A0AF028E8D6D900DE906B /* AppDelegate.swift */,
				556A0AF428E8D6DA00DE906B /* Assets.xcassets */,
				556A0AF928E8D6DA00DE906B /* German_Word_of_the_Day.entitlements */,
				556A0AFF28E8D80400DE906B /* main.swift */,
			);
			path = "German Word of the Day";
			sourceTree = "<group>";
		};
		556A0B0128E9C60000DE906B /* Sources */ = {
			isa = PBXGroup;
			children = (
				55D3AB2328EB55AA00A8FE4A /* GermanEveryday.swift */,
				556A0B0428E9CE9C00DE906B /* InnovativeLanguageLearning.swift */,
				556A0B0228E9C61800DE906B /* TransparentLanguage.swift */,
			);
			path = Sources;
			sourceTree = "<group>";
		};
/* End PBXGroup section */

/* Begin PBXNativeTarget section */
		556A0AEC28E8D6D900DE906B /* German Word of the Day */ = {
			isa = PBXNativeTarget;
			buildConfigurationList = 556A0AFC28E8D6DA00DE906B /* Build configuration list for PBXNativeTarget "German Word of the Day" */;
			buildPhases = (
				556A0AE928E8D6D900DE906B /* Sources */,
				556A0AEA28E8D6D900DE906B /* Frameworks */,
				556A0AEB28E8D6D900DE906B /* Resources */,
				55D3AB2228EA34EE00A8FE4A /* ShellScript */,
			);
			buildRules = (
			);
			dependencies = (
			);
			name = "German Word of the Day";
			packageProductDependencies = (
				556A0B0928E9D63900DE906B /* SwiftSoup */,
				55D3AB2028EA322B00A8FE4A /* LaunchAtLogin */,
			);
			productName = "German Word of the Day";
			productReference = 556A0AED28E8D6D900DE906B /* German Word of the Day.app */;
			productType = "com.apple.product-type.application";
		};
/* End PBXNativeTarget section */

/* Begin PBXProject section */
		556A0AE528E8D6D900DE906B /* Project object */ = {
			isa = PBXProject;
			attributes = {
				BuildIndependentTargetsInParallel = 1;
				LastSwiftUpdateCheck = 1400;
				LastUpgradeCheck = 1400;
				TargetAttributes = {
					556A0AEC28E8D6D900DE906B = {
						CreatedOnToolsVersion = 14.0.1;
					};
				};
			};
			buildConfigurationList = 556A0AE828E8D6D900DE906B /* Build configuration list for PBXProject "German Word of the Day" */;
			compatibilityVersion = "Xcode 14.0";
			developmentRegion = en;
			hasScannedForEncodings = 0;
			knownRegions = (
				en,
				Base,
			);
			mainGroup = 556A0AE428E8D6D900DE906B;
			packageReferences = (
				556A0B0828E9D63900DE906B /* XCRemoteSwiftPackageReference "SwiftSoup" */,
				55D3AB1F28EA322B00A8FE4A /* XCRemoteSwiftPackageReference "LaunchAtLogin" */,
			);
			productRefGroup = 556A0AEE28E8D6D900DE906B /* Products */;
			projectDirPath = "";
			projectRoot = "";
			targets = (
				556A0AEC28E8D6D900DE906B /* German Word of the Day */,
			);
		};
/* End PBXProject section */

/* Begin PBXResourcesBuildPhase section */
		556A0AEB28E8D6D900DE906B /* Resources */ = {
			isa = PBXResourcesBuildPhase;
			buildActionMask = 2147483647;
			files = (
				556A0AF528E8D6DA00DE906B /* Assets.xcassets in Resources */,
			);
			runOnlyForDeploymentPostprocessing = 0;
		};
/* End PBXResourcesBuildPhase section */

/* Begin PBXShellScriptBuildPhase section */
		55D3AB2228EA34EE00A8FE4A /* ShellScript */ = {
			isa = PBXShellScriptBuildPhase;
			alwaysOutOfDate = 1;
			buildActionMask = 2147483647;
			files = (
			);
			inputFileListPaths = (
			);
			inputPaths = (
			);
			outputFileListPaths = (
			);
			outputPaths = (
			);
			runOnlyForDeploymentPostprocessing = 0;
			shellPath = /bin/sh;
			shellScript = "# Type a script or drag a script file from your workspace to insert its path.\n\"${BUILT_PRODUCTS_DIR}/LaunchAtLogin_LaunchAtLogin.bundle/Contents/Resources/copy-helper-swiftpm.sh\"\n";
		};
/* End PBXShellScriptBuildPhase section */

/* Begin PBXSourcesBuildPhase section */
		556A0AE928E8D6D900DE906B /* Sources */ = {
			isa = PBXSourcesBuildPhase;
			buildActionMask = 2147483647;
			files = (
				556A0AF128E8D6D900DE906B /* AppDelegate.swift in Sources */,
				556A0B0328E9C61800DE906B /* TransparentLanguage.swift in Sources */,
				556A0B0528E9CE9C00DE906B /* InnovativeLanguageLearning.swift in Sources */,
				55D3AB2428EB55AA00A8FE4A /* GermanEveryday.swift in Sources */,
				556A0B0028E8D80400DE906B /* main.swift in Sources */,
			);
			runOnlyForDeploymentPostprocessing = 0;
		};
/* End PBXSourcesBuildPhase section */

/* Begin XCBuildConfiguration section */
		556A0AFA28E8D6DA00DE906B /* Debug */ = {
			isa = XCBuildConfiguration;
			buildSettings = {
				ALWAYS_SEARCH_USER_PATHS = NO;
				CLANG_ANALYZER_NONNULL = YES;
				CLANG_ANALYZER_NUMBER_OBJECT_CONVERSION = YES_AGGRESSIVE;
				CLANG_CXX_LANGUAGE_STANDARD = "gnu++20";
				CLANG_ENABLE_MODULES = YES;
				CLANG_ENABLE_OBJC_ARC = YES;
				CLANG_ENABLE_OBJC_WEAK = YES;
				CLANG_WARN_BLOCK_CAPTURE_AUTORELEASING = YES;
				CLANG_WARN_BOOL_CONVERSION = YES;
				CLANG_WARN_COMMA = YES;
				CLANG_WARN_CONSTANT_CONVERSION = YES;
				CLANG_WARN_DEPRECATED_OBJC_IMPLEMENTATIONS = YES;
				CLANG_WARN_DIRECT_OBJC_ISA_USAGE = YES_ERROR;
				CLANG_WARN_DOCUMENTATION_COMMENTS = YES;
				CLANG_WARN_EMPTY_BODY = YES;
				CLANG_WARN_ENUM_CONVERSION = YES;
				CLANG_WARN_INFINITE_RECURSION = YES;
				CLANG_WARN_INT_CONVERSION = YES;
				CLANG_WARN_NON_LITERAL_NULL_CONVERSION = YES;
				CLANG_WARN_OBJC_IMPLICIT_RETAIN_SELF = YES;
				CLANG_WARN_OBJC_LITERAL_CONVERSION = YES;
				CLANG_WARN_OBJC_ROOT_CLASS = YES_ERROR;
				CLANG_WARN_QUOTED_INCLUDE_IN_FRAMEWORK_HEADER = YES;
				CLANG_WARN_RANGE_LOOP_ANALYSIS = YES;
				CLANG_WARN_STRICT_PROTOTYPES = YES;
				CLANG_WARN_SUSPICIOUS_MOVE = YES;
				CLANG_WARN_UNGUARDED_AVAILABILITY = YES_AGGRESSIVE;
				CLANG_WARN_UNREACHABLE_CODE = YES;
				CLANG_WARN__DUPLICATE_METHOD_MATCH = YES;
				COPY_PHASE_STRIP = NO;
				DEBUG_INFORMATION_FORMAT = dwarf;
				ENABLE_STRICT_OBJC_MSGSEND = YES;
				ENABLE_TESTABILITY = YES;
				GCC_C_LANGUAGE_STANDARD = gnu11;
				GCC_DYNAMIC_NO_PIC = NO;
				GCC_NO_COMMON_BLOCKS = YES;
				GCC_OPTIMIZATION_LEVEL = 0;
				GCC_PREPROCESSOR_DEFINITIONS = (
					"DEBUG=1",
					"$(inherited)",
				);
				GCC_WARN_64_TO_32_BIT_CONVERSION = YES;
				GCC_WARN_ABOUT_RETURN_TYPE = YES_ERROR;
				GCC_WARN_UNDECLARED_SELECTOR = YES;
				GCC_WARN_UNINITIALIZED_AUTOS = YES_AGGRESSIVE;
				GCC_WARN_UNUSED_FUNCTION = YES;
				GCC_WARN_UNUSED_VARIABLE = YES;
				MACOSX_DEPLOYMENT_TARGET = 12.3;
				MTL_ENABLE_DEBUG_INFO = INCLUDE_SOURCE;
				MTL_FAST_MATH = YES;
				ONLY_ACTIVE_ARCH = YES;
				SDKROOT = macosx;
				SWIFT_ACTIVE_COMPILATION_CONDITIONS = DEBUG;
				SWIFT_OPTIMIZATION_LEVEL = "-Onone";
			};
			name = Debug;
		};
		556A0AFB28E8D6DA00DE906B /* Release */ = {
			isa = XCBuildConfiguration;
			buildSettings = {
				ALWAYS_SEARCH_USER_PATHS = NO;
				CLANG_ANALYZER_NONNULL = YES;
				CLANG_ANALYZER_NUMBER_OBJECT_CONVERSION = YES_AGGRESSIVE;
				CLANG_CXX_LANGUAGE_STANDARD = "gnu++20";
				CLANG_ENABLE_MODULES = YES;
				CLANG_ENABLE_OBJC_ARC = YES;
				CLANG_ENABLE_OBJC_WEAK = YES;
				CLANG_WARN_BLOCK_CAPTURE_AUTORELEASING = YES;
				CLANG_WARN_BOOL_CONVERSION = YES;
				CLANG_WARN_COMMA = YES;
				CLANG_WARN_CONSTANT_CONVERSION = YES;
				CLANG_WARN_DEPRECATED_OBJC_IMPLEMENTATIONS = YES;
				CLANG_WARN_DIRECT_OBJC_ISA_USAGE = YES_ERROR;
				CLANG_WARN_DOCUMENTATION_COMMENTS = YES;
				CLANG_WARN_EMPTY_BODY = YES;
				CLANG_WARN_ENUM_CONVERSION = YES;
				CLANG_WARN_INFINITE_RECURSION = YES;
				CLANG_WARN_INT_CONVERSION = YES;
				CLANG_WARN_NON_LITERAL_NULL_CONVERSION = YES;
				CLANG_WARN_OBJC_IMPLICIT_RETAIN_SELF = YES;
				CLANG_WARN_OBJC_LITERAL_CONVERSION = YES;
				CLANG_WARN_OBJC_ROOT_CLASS = YES_ERROR;
				CLANG_WARN_QUOTED_INCLUDE_IN_FRAMEWORK_HEADER = YES;
				CLANG_WARN_RANGE_LOOP_ANALYSIS = YES;
				CLANG_WARN_STRICT_PROTOTYPES = YES;
				CLANG_WARN_SUSPICIOUS_MOVE = YES;
				CLANG_WARN_UNGUARDED_AVAILABILITY = YES_AGGRESSIVE;
				CLANG_WARN_UNREACHABLE_CODE = YES;
				CLANG_WARN__DUPLICATE_METHOD_MATCH = YES;
				COPY_PHASE_STRIP = NO;
				DEBUG_INFORMATION_FORMAT = "dwarf-with-dsym";
				ENABLE_NS_ASSERTIONS = NO;
				ENABLE_STRICT_OBJC_MSGSEND = YES;
				GCC_C_LANGUAGE_STANDARD = gnu11;
				GCC_NO_COMMON_BLOCKS = YES;
				GCC_WARN_64_TO_32_BIT_CONVERSION = YES;
				GCC_WARN_ABOUT_RETURN_TYPE = YES_ERROR;
				GCC_WARN_UNDECLARED_SELECTOR = YES;
				GCC_WARN_UNINITIALIZED_AUTOS = YES_AGGRESSIVE;
				GCC_WARN_UNUSED_FUNCTION = YES;
				GCC_WARN_UNUSED_VARIABLE = YES;
				MACOSX_DEPLOYMENT_TARGET = 12.3;
				MTL_ENABLE_DEBUG_INFO = NO;
				MTL_FAST_MATH = YES;
				SDKROOT = macosx;
				SWIFT_COMPILATION_MODE = wholemodule;
				SWIFT_OPTIMIZATION_LEVEL = "-O";
			};
			name = Release;
		};
		556A0AFD28E8D6DA00DE906B /* Debug */ = {
			isa = XCBuildConfiguration;
			buildSettings = {
				ASSETCATALOG_COMPILER_APPICON_NAME = AppIcon;
				ASSETCATALOG_COMPILER_GLOBAL_ACCENT_COLOR_NAME = AccentColor;
				CODE_SIGN_ENTITLEMENTS = "German Word of the Day/German_Word_of_the_Day.entitlements";
				CODE_SIGN_STYLE = Automatic;
				COMBINE_HIDPI_IMAGES = YES;
				CURRENT_PROJECT_VERSION = 1;
				GENERATE_INFOPLIST_FILE = YES;
				INFOPLIST_FILE = "German Word of the Day/Info.plist";
				INFOPLIST_KEY_NSHumanReadableCopyright = "";
				INFOPLIST_KEY_NSPrincipalClass = NSApplication;
				LD_RUNPATH_SEARCH_PATHS = (
					"$(inherited)",
					"@executable_path/../Frameworks",
				);
				MARKETING_VERSION = 1.0;
				PRODUCT_BUNDLE_IDENTIFIER = "dnicolson.German-Word-of-the-Day";
				PRODUCT_NAME = "$(TARGET_NAME)";
				SWIFT_EMIT_LOC_STRINGS = YES;
				SWIFT_VERSION = 5.0;
			};
			name = Debug;
		};
		556A0AFE28E8D6DA00DE906B /* Release */ = {
			isa = XCBuildConfiguration;
			buildSettings = {
				ASSETCATALOG_COMPILER_APPICON_NAME = AppIcon;
				ASSETCATALOG_COMPILER_GLOBAL_ACCENT_COLOR_NAME = AccentColor;
				CODE_SIGN_ENTITLEMENTS = "German Word of the Day/German_Word_of_the_Day.entitlements";
				CODE_SIGN_STYLE = Automatic;
				COMBINE_HIDPI_IMAGES = YES;
				CURRENT_PROJECT_VERSION = 1;
				GENERATE_INFOPLIST_FILE = YES;
				INFOPLIST_FILE = "German Word of the Day/Info.plist";
				INFOPLIST_KEY_NSHumanReadableCopyright = "";
				INFOPLIST_KEY_NSPrincipalClass = NSApplication;
				LD_RUNPATH_SEARCH_PATHS = (
					"$(inherited)",
					"@executable_path/../Frameworks",
				);
				MARKETING_VERSION = 1.0;
				PRODUCT_BUNDLE_IDENTIFIER = "dnicolson.German-Word-of-the-Day";
				PRODUCT_NAME = "$(TARGET_NAME)";
				SWIFT_EMIT_LOC_STRINGS = YES;
				SWIFT_VERSION = 5.0;
			};
			name = Release;
		};
/* End XCBuildConfiguration section */

/* Begin XCConfigurationList section */
		556A0AE828E8D6D900DE906B /* Build configuration list for PBXProject "German Word of the Day" */ = {
			isa = XCConfigurationList;
			buildConfigurations = (
				556A0AFA28E8D6DA00DE906B /* Debug */,
				556A0AFB28E8D6DA00DE906B /* Release */,
			);
			defaultConfigurationIsVisible = 0;
			defaultConfigurationName = Release;
		};
		556A0AFC28E8D6DA00DE906B /* Build configuration list for PBXNativeTarget "German Word of the Day" */ = {
			isa = XCConfigurationList;
			buildConfigurations = (
				556A0AFD28E8D6DA00DE906B /* Debug */,
				556A0AFE28E8D6DA00DE906B /* Release */,
			);
			defaultConfigurationIsVisible = 0;
			defaultConfigurationName = Release;
		};
/* End XCConfigurationList section */

/* Begin XCRemoteSwiftPackageReference section */
		556A0B0828E9D63900DE906B /* XCRemoteSwiftPackageReference "SwiftSoup" */ = {
			isa = XCRemoteSwiftPackageReference;
			repositoryURL = "https://github.com/scinfu/SwiftSoup.git";
			requirement = {
				kind = upToNextMajorVersion;
				minimumVersion = 2.0.0;
			};
		};
		55D3AB1F28EA322B00A8FE4A /* XCRemoteSwiftPackageReference "LaunchAtLogin" */ = {
			isa = XCRemoteSwiftPackageReference;
			repositoryURL = "https://github.com/sindresorhus/LaunchAtLogin";
			requirement = {
				branch = main;
				kind = branch;
			};
		};
/* End XCRemoteSwiftPackageReference section */

/* Begin XCSwiftPackageProductDependency section */
		556A0B0928E9D63900DE906B /* SwiftSoup */ = {
			isa = XCSwiftPackageProductDependency;
			package = 556A0B0828E9D63900DE906B /* XCRemoteSwiftPackageReference "SwiftSoup" */;
			productName = SwiftSoup;
		};
		55D3AB2028EA322B00A8FE4A /* LaunchAtLogin */ = {
			isa = XCSwiftPackageProductDependency;
			package = 55D3AB1F28EA322B00A8FE4A /* XCRemoteSwiftPackageReference "LaunchAtLogin" */;
			productName = LaunchAtLogin;
		};
/* End XCSwiftPackageProductDependency section */
	};
	rootObject = 556A0AE528E8D6D900DE906B /* Project object */;
}
